
Microsoft Visual Studio Solution File, Format Version 12.00
# Visual Studio Version 17
VisualStudioVersion = 17.12.35521.163 d17.12
MinimumVisualStudioVersion = 10.0.40219.1
Project("{FAE04EC0-301F-11D3-BF4B-00C04F79EFBC}") = "Laboratorio 1", "Laboratorio 1\Laboratorio 1.csproj", "{19B999A4-9E49-42A8-835B-E620ED54ECFB}"
EndProject
Global
	GlobalSection(SolutionConfigurationPlatforms) = preSolution
		Debug|Any CPU = Debug|Any CPU
		Release|Any CPU = Release|Any CPU
	EndGlobalSection
	GlobalSection(ProjectConfigurationPlatforms) = postSolution
		{19B999A4-9E49-42A8-835B-E620ED54ECFB}.Debug|Any CPU.ActiveCfg = Debug|Any CPU
		{19B999A4-9E49-42A8-835B-E620ED54ECFB}.Debug|Any CPU.Build.0 = Debug|Any CPU
		{19B999A4-9E49-42A8-835B-E620ED54ECFB}.Release|Any CPU.ActiveCfg = Release|Any CPU
		{19B999A4-9E49-42A8-835B-E620ED54ECFB}.Release|Any CPU.Build.0 = Release|Any CPU
	EndGlobalSection
	GlobalSection(SolutionProperties) = preSolution
		HideSolutionNode = FALSE
	EndGlobalSection
EndGlobal
