
Microsoft Visual Studio Solution File, Format Version 12.00
# Visual Studio Version 17
VisualStudioVersion = 17.14.36623.8 d17.14
MinimumVisualStudioVersion = 10.0.40219.1
Project("{FAE04EC0-301F-11D3-BF4B-00C04F79EFBC}") = "Laboratorio 17-1", "Laboratorio 17-1\Laboratorio 17-1.csproj", "{AEB1CD6E-5FE5-42FD-88AF-137D58B2233B}"
EndProject
Global
	GlobalSection(SolutionConfigurationPlatforms) = preSolution
		Debug|Any CPU = Debug|Any CPU
		Release|Any CPU = Release|Any CPU
	EndGlobalSection
	GlobalSection(ProjectConfigurationPlatforms) = postSolution
		{AEB1CD6E-5FE5-42FD-88AF-137D58B2233B}.Debug|Any CPU.ActiveCfg = Debug|Any CPU
		{AEB1CD6E-5FE5-42FD-88AF-137D58B2233B}.Debug|Any CPU.Build.0 = Debug|Any CPU
		{AEB1CD6E-5FE5-42FD-88AF-137D58B2233B}.Release|Any CPU.ActiveCfg = Release|Any CPU
		{AEB1CD6E-5FE5-42FD-88AF-137D58B2233B}.Release|Any CPU.Build.0 = Release|Any CPU
	EndGlobalSection
	GlobalSection(SolutionProperties) = preSolution
		HideSolutionNode = FALSE
	EndGlobalSection
	GlobalSection(ExtensibilityGlobals) = postSolution
		SolutionGuid = {3C5584CD-1D7B-4910-9C22-40D1ABF3A739}
	EndGlobalSection
EndGlobal
