
Microsoft Visual Studio Solution File, Format Version 12.00
# Visual Studio Version 17
VisualStudioVersion = 17.12.35521.163 d17.12
MinimumVisualStudioVersion = 10.0.40219.1
Project("{FAE04EC0-301F-11D3-BF4B-00C04F79EFBC}") = "Laboratorio63", "Laboratorio63\Laboratorio63.csproj", "{FEFBE733-D325-40F4-B7D7-E734B2DA74E3}"
EndProject
Global
	GlobalSection(SolutionConfigurationPlatforms) = preSolution
		Debug|Any CPU = Debug|Any CPU
		Release|Any CPU = Release|Any CPU
	EndGlobalSection
	GlobalSection(ProjectConfigurationPlatforms) = postSolution
		{FEFBE733-D325-40F4-B7D7-E734B2DA74E3}.Debug|Any CPU.ActiveCfg = Debug|Any CPU
		{FEFBE733-D325-40F4-B7D7-E734B2DA74E3}.Debug|Any CPU.Build.0 = Debug|Any CPU
		{FEFBE733-D325-40F4-B7D7-E734B2DA74E3}.Release|Any CPU.ActiveCfg = Release|Any CPU
		{FEFBE733-D325-40F4-B7D7-E734B2DA74E3}.Release|Any CPU.Build.0 = Release|Any CPU
	EndGlobalSection
	GlobalSection(SolutionProperties) = preSolution
		HideSolutionNode = FALSE
	EndGlobalSection
EndGlobal
