
Microsoft Visual Studio Solution File, Format Version 12.00
# Visual Studio Version 17
VisualStudioVersion = 17.12.35521.163 d17.12
MinimumVisualStudioVersion = 10.0.40219.1
Project("{FAE04EC0-301F-11D3-BF4B-00C04F79EFBC}") = "Laboratorio47", "Laboratorio47\Laboratorio47.csproj", "{500B7706-D950-4E2B-9E97-FA3D4FD3D141}"
EndProject
Global
	GlobalSection(SolutionConfigurationPlatforms) = preSolution
		Debug|Any CPU = Debug|Any CPU
		Release|Any CPU = Release|Any CPU
	EndGlobalSection
	GlobalSection(ProjectConfigurationPlatforms) = postSolution
		{500B7706-D950-4E2B-9E97-FA3D4FD3D141}.Debug|Any CPU.ActiveCfg = Debug|Any CPU
		{500B7706-D950-4E2B-9E97-FA3D4FD3D141}.Debug|Any CPU.Build.0 = Debug|Any CPU
		{500B7706-D950-4E2B-9E97-FA3D4FD3D141}.Release|Any CPU.ActiveCfg = Release|Any CPU
		{500B7706-D950-4E2B-9E97-FA3D4FD3D141}.Release|Any CPU.Build.0 = Release|Any CPU
	EndGlobalSection
	GlobalSection(SolutionProperties) = preSolution
		HideSolutionNode = FALSE
	EndGlobalSection
EndGlobal
