
Microsoft Visual Studio Solution File, Format Version 12.00
# Visual Studio Version 17
VisualStudioVersion = 17.12.35521.163 d17.12
MinimumVisualStudioVersion = 10.0.40219.1
Project("{FAE04EC0-301F-11D3-BF4B-00C04F79EFBC}") = "Laboratorio52", "Laboratorio52\Laboratorio52.csproj", "{4DF04A20-384D-4E8B-8EC4-EE068356FF1B}"
EndProject
Global
	GlobalSection(SolutionConfigurationPlatforms) = preSolution
		Debug|Any CPU = Debug|Any CPU
		Release|Any CPU = Release|Any CPU
	EndGlobalSection
	GlobalSection(ProjectConfigurationPlatforms) = postSolution
		{4DF04A20-384D-4E8B-8EC4-EE068356FF1B}.Debug|Any CPU.ActiveCfg = Debug|Any CPU
		{4DF04A20-384D-4E8B-8EC4-EE068356FF1B}.Debug|Any CPU.Build.0 = Debug|Any CPU
		{4DF04A20-384D-4E8B-8EC4-EE068356FF1B}.Release|Any CPU.ActiveCfg = Release|Any CPU
		{4DF04A20-384D-4E8B-8EC4-EE068356FF1B}.Release|Any CPU.Build.0 = Release|Any CPU
	EndGlobalSection
	GlobalSection(SolutionProperties) = preSolution
		HideSolutionNode = FALSE
	EndGlobalSection
EndGlobal
